{"filter":false,"title":"package-lock.json","tooltip":"/package-lock.json","undoManager":{"mark":-1,"position":-1,"stack":[]},"ace":{"folds":[],"scrolltop":80557.5,"scrollleft":0,"selection":{"start":{"row":5055,"column":54},"end":{"row":5055,"column":58},"isBackwards":false},"options":{"guessTabSize":true,"useWrapMode":false,"wrapToView":true},"firstLineState":0},"timestamp":1582439026570,"hash":"3ea676c50441586bf1807fe9dad61dad49d81fb1"}