{"filter":false,"title":"package-lock.json","tooltip":"/package-lock.json","undoManager":{"mark":-1,"position":-1,"stack":[]},"ace":{"folds":[],"scrolltop":80557.5,"scrollleft":0,"selection":{"start":{"row":5055,"column":25},"end":{"row":5055,"column":25},"isBackwards":false},"options":{"guessTabSize":true,"useWrapMode":false,"wrapToView":true},"firstLineState":0},"timestamp":1582439194077,"hash":"644187cfc3587d0827de914fdbcd2a2d1d618a6f"}